{
  "nodes": {
    "baleia-nvim-src": {
      "flake": false,
      "locked": {
        "lastModified": 1721805312,
        "narHash": "sha256-qA1x5kplP2I8bURO0I4R0gt/zeznu9hQQ+XHptLGuwc=",
        "owner": "m00qek",
        "repo": "baleia.nvim",
        "rev": "1b25eac3ac03659c3d3af75c7455e179e5f197f7",
        "type": "github"
      },
      "original": {
        "owner": "m00qek",
        "repo": "baleia.nvim",
        "type": "github"
      }
    },
    "base16-nvim-src": {
      "flake": false,
      "locked": {
        "lastModified": 1740184667,
        "narHash": "sha256-r7JPksjINhisViWIAXZJphDQKoPtFBB/vVnkA45r1/w=",
        "owner": "RRethy",
        "repo": "base16-nvim",
        "rev": "3f13e15c53ea2aaf79c24ceab725309d87f0619c",
        "type": "github"
      },
      "original": {
        "owner": "RRethy",
        "repo": "base16-nvim",
        "type": "github"
      }
    },
    "cmp-nvim-lsp-src": {
      "flake": false,
      "locked": {
        "lastModified": 1733823748,
        "narHash": "sha256-iaihXNCF5bB5MdeoosD/kc3QtpA/QaIDZVLiLIurBSM=",
        "owner": "hrsh7th",
        "repo": "cmp-nvim-lsp",
        "rev": "99290b3ec1322070bcfb9e846450a46f6efa50f0",
        "type": "github"
      },
      "original": {
        "owner": "hrsh7th",
        "repo": "cmp-nvim-lsp",
        "type": "github"
      }
    },
    "darwin": {
      "inputs": {
        "nixpkgs": [
          "nixpkgs"
        ]
      },
      "locked": {
        "lastModified": 1740452771,
        "narHash": "sha256-/tI1vFJ7/dXJqUmI+s0EV1F0DPe6dZvT444mrLUkrlU=",
        "owner": "lnl7",
        "repo": "nix-darwin",
        "rev": "42be12b510253d750138ec90c66decc282298b44",
        "type": "github"
      },
      "original": {
        "owner": "lnl7",
        "ref": "master",
        "repo": "nix-darwin",
        "type": "github"
      }
    },
    "fidget-nvim-src": {
      "flake": false,
      "locked": {
        "lastModified": 1716093309,
        "narHash": "sha256-Gpk/G0ByOAIE8uX4Xr94CvAjJBSJMEOwBuvrhmYYGsg=",
        "owner": "j-hui",
        "repo": "fidget.nvim",
        "rev": "ef99df04a1c53a453602421bc0f756997edc8289",
        "type": "github"
      },
      "original": {
        "owner": "j-hui",
        "ref": "v1.4.5",
        "repo": "fidget.nvim",
        "type": "github"
      }
    },
    "flake-utils": {
      "inputs": {
        "systems": "systems"
      },
      "locked": {
        "lastModified": 1705309234,
        "narHash": "sha256-uNRRNRKmJyCRC/8y1RqBkqWBLM034y4qN7EprSdmgyA=",
        "owner": "numtide",
        "repo": "flake-utils",
        "rev": "1ef2e671c3b0c19053962c07dbda38332dcebf26",
        "type": "github"
      },
      "original": {
        "owner": "numtide",
        "repo": "flake-utils",
        "type": "github"
      }
    },
    "hmts-nvim-src": {
      "flake": false,
      "locked": {
        "lastModified": 1729786258,
        "narHash": "sha256-V5dwIJdxBulFVKk1iSlf4H5NRz1UH7uYQeMvwtgkpIs=",
        "owner": "calops",
        "repo": "hmts.nvim",
        "rev": "c7ff4c3ad96cd05664b18fb5bbbe2abbd7682dd2",
        "type": "github"
      },
      "original": {
        "owner": "calops",
        "repo": "hmts.nvim",
        "type": "github"
      }
    },
    "home-manager": {
      "inputs": {
        "nixpkgs": [
          "nixpkgs"
        ]
      },
      "locked": {
        "lastModified": 1740579671,
        "narHash": "sha256-Dwt/3KknOQ4bgFG5YjqDT7oWRy27rPpDjAi2P0ok1zw=",
        "owner": "nix-community",
        "repo": "home-manager",
        "rev": "53c587d263f94aaf6a281745923c76bbec62bcf3",
        "type": "github"
      },
      "original": {
        "owner": "nix-community",
        "ref": "master",
        "repo": "home-manager",
        "type": "github"
      }
    },
    "nix2vim": {
      "inputs": {
        "flake-utils": "flake-utils",
        "nixpkgs": [
          "nixpkgs"
        ]
      },
      "locked": {
        "lastModified": 1732820845,
        "narHash": "sha256-YPXk41l4PzKb5rtcxkYhymwjHJG95fxl4iXIzXnftr8=",
        "owner": "gytis-ivaskevicius",
        "repo": "nix2vim",
        "rev": "e2c511ea553418dd432005875c649b09d56b7e58",
        "type": "github"
      },
      "original": {
        "owner": "gytis-ivaskevicius",
        "repo": "nix2vim",
        "type": "github"
      }
    },
    "nixlib": {
      "locked": {
        "lastModified": 1736643958,
        "narHash": "sha256-tmpqTSWVRJVhpvfSN9KXBvKEXplrwKnSZNAoNPf/S/s=",
        "owner": "nix-community",
        "repo": "nixpkgs.lib",
        "rev": "1418bc28a52126761c02dd3d89b2d8ca0f521181",
        "type": "github"
      },
      "original": {
        "owner": "nix-community",
        "repo": "nixpkgs.lib",
        "type": "github"
      }
    },
    "nixos-generators": {
      "inputs": {
        "nixlib": "nixlib",
        "nixpkgs": [
          "nixpkgs"
        ]
      },
      "locked": {
        "lastModified": 1737057290,
        "narHash": "sha256-3Pe0yKlCc7EOeq1X/aJVDH0CtNL+tIBm49vpepwL1MQ=",
        "owner": "nix-community",
        "repo": "nixos-generators",
        "rev": "d002ce9b6e7eb467cd1c6bb9aef9c35d191b5453",
        "type": "github"
      },
      "original": {
        "owner": "nix-community",
        "repo": "nixos-generators",
        "type": "github"
      }
    },
    "nixpkgs": {
      "locked": {
        "lastModified": 1740367490,
        "narHash": "sha256-WGaHVAjcrv+Cun7zPlI41SerRtfknGQap281+AakSAw=",
        "owner": "nixos",
        "repo": "nixpkgs",
        "rev": "0196c0175e9191c474c26ab5548db27ef5d34b05",
        "type": "github"
      },
      "original": {
        "owner": "nixos",
        "ref": "nixos-unstable",
        "repo": "nixpkgs",
        "type": "github"
      }
    },
    "nvim-lint-src": {
      "flake": false,
      "locked": {
        "lastModified": 1738838825,
        "narHash": "sha256-E/KcQr4RM4gz+ItENI9e7hMicyBKyzoIaDO5D1VDYSw=",
        "owner": "mfussenegger",
        "repo": "nvim-lint",
        "rev": "6e9dd545a1af204c4022a8fcd99727ea41ffdcc8",
        "type": "github"
      },
      "original": {
        "owner": "mfussenegger",
        "repo": "nvim-lint",
        "type": "github"
      }
    },
    "nvim-lspconfig-src": {
      "flake": false,
      "locked": {
        "lastModified": 1716281382,
        "narHash": "sha256-foJ7a59N0a3QaBW24PtwbyYDQVlIsFxiatADLO/hQvc=",
        "owner": "neovim",
        "repo": "nvim-lspconfig",
        "rev": "0b8165cf95806bc4bb8f745bb0c92021b2ed4b98",
        "type": "github"
      },
      "original": {
        "owner": "neovim",
        "ref": "v0.1.8",
        "repo": "nvim-lspconfig",
        "type": "github"
      }
    },
    "nvim-tree-lua-src": {
      "flake": false,
      "locked": {
        "lastModified": 1740187879,
        "narHash": "sha256-JjuCokexVKz3kf9YxFPpxiKTvkXfbhsbp50Sqfd2RtQ=",
        "owner": "kyazdani42",
        "repo": "nvim-tree.lua",
        "rev": "6709463b2d18e77f7a946027917aa00d4aaed6f4",
        "type": "github"
      },
      "original": {
        "owner": "kyazdani42",
        "repo": "nvim-tree.lua",
        "type": "github"
      }
    },
    "nvim-treesitter-src": {
      "flake": false,
      "locked": {
        "lastModified": 1740587808,
        "narHash": "sha256-/sf0zXrSf48fT2AdvW2RjWYiKt4bDYd4hXSWcaPJ61I=",
        "owner": "nvim-treesitter",
        "repo": "nvim-treesitter",
        "rev": "8f87d28442f7f91347e993661c319135f47729c7",
        "type": "github"
      },
      "original": {
        "owner": "nvim-treesitter",
        "ref": "master",
        "repo": "nvim-treesitter",
        "type": "github"
      }
    },
    "private_dotfiles": {
      "flake": false,
      "locked": {
        "lastModified": 1740602920,
        "narHash": "sha256-CbaFA+pVdrCdmDDmpC0bq9Qlhb/IwPN/JLVS1QzKDFs=",
        "ref": "refs/heads/main",
        "rev": "1bb2ea3c37828f3551bdf1f1fa893e37720da05e",
        "revCount": 27,
        "type": "git",
        "url": "ssh://git@github.com/eblume/private_dotfiles"
      },
      "original": {
        "type": "git",
        "url": "ssh://git@github.com/eblume/private_dotfiles"
      }
    },
    "root": {
      "inputs": {
        "baleia-nvim-src": "baleia-nvim-src",
        "base16-nvim-src": "base16-nvim-src",
        "cmp-nvim-lsp-src": "cmp-nvim-lsp-src",
        "darwin": "darwin",
        "fidget-nvim-src": "fidget-nvim-src",
        "hmts-nvim-src": "hmts-nvim-src",
        "home-manager": "home-manager",
        "nix2vim": "nix2vim",
        "nixos-generators": "nixos-generators",
        "nixpkgs": "nixpkgs",
        "nvim-lint-src": "nvim-lint-src",
        "nvim-lspconfig-src": "nvim-lspconfig-src",
        "nvim-tree-lua-src": "nvim-tree-lua-src",
        "nvim-treesitter-src": "nvim-treesitter-src",
        "private_dotfiles": "private_dotfiles",
        "telescope-nvim-src": "telescope-nvim-src",
        "telescope-project-nvim-src": "telescope-project-nvim-src",
        "toggleterm-nvim-src": "toggleterm-nvim-src",
        "tree-sitter-bash": "tree-sitter-bash",
        "tree-sitter-ini": "tree-sitter-ini",
        "tree-sitter-lua": "tree-sitter-lua",
        "tree-sitter-puppet": "tree-sitter-puppet",
        "tree-sitter-python": "tree-sitter-python",
        "tree-sitter-rasi": "tree-sitter-rasi",
        "tree-sitter-vimdoc": "tree-sitter-vimdoc",
        "wallpapers": "wallpapers"
      }
    },
    "systems": {
      "locked": {
        "lastModified": 1681028828,
        "narHash": "sha256-Vy1rq5AaRuLzOxct8nz4T6wlgyUR7zLU309k9mBC768=",
        "owner": "nix-systems",
        "repo": "default",
        "rev": "da67096a3b9bf56a91d16901293e51ba5b49a27e",
        "type": "github"
      },
      "original": {
        "owner": "nix-systems",
        "repo": "default",
        "type": "github"
      }
    },
    "telescope-nvim-src": {
      "flake": false,
      "locked": {
        "lastModified": 1716532947,
        "narHash": "sha256-e1ulhc4IIvUgpjKQrSqPY4WpXuez6wlxL6Min9U0o5Q=",
        "owner": "nvim-telescope",
        "repo": "telescope.nvim",
        "rev": "a0bbec21143c7bc5f8bb02e0005fa0b982edc026",
        "type": "github"
      },
      "original": {
        "owner": "nvim-telescope",
        "ref": "0.1.8",
        "repo": "telescope.nvim",
        "type": "github"
      }
    },
    "telescope-project-nvim-src": {
      "flake": false,
      "locked": {
        "lastModified": 1740138545,
        "narHash": "sha256-a8eKjkn73Ki0Z4XWZLsxDSFWwPQJ6Ks3ZD2ClRgk/JY=",
        "owner": "nvim-telescope",
        "repo": "telescope-project.nvim",
        "rev": "ce2c9fe209a68c7a924acde42d94ed8a2b2a52c5",
        "type": "github"
      },
      "original": {
        "owner": "nvim-telescope",
        "repo": "telescope-project.nvim",
        "type": "github"
      }
    },
    "toggleterm-nvim-src": {
      "flake": false,
      "locked": {
        "lastModified": 1713792255,
        "narHash": "sha256-mM5bGgAemsRJD9U6U5K6ia5qb8NaTusM99x6xrtEBfw=",
        "owner": "akinsho",
        "repo": "toggleterm.nvim",
        "rev": "066cccf48a43553a80a210eb3be89a15d789d6e6",
        "type": "github"
      },
      "original": {
        "owner": "akinsho",
        "ref": "v2.11.0",
        "repo": "toggleterm.nvim",
        "type": "github"
      }
    },
    "tree-sitter-bash": {
      "flake": false,
      "locked": {
        "lastModified": 1738310128,
        "narHash": "sha256-ODWgFpCLLPgzNYXFhfAVvDXPr5bW8/49ezsaS9MOWMk=",
        "owner": "tree-sitter",
        "repo": "tree-sitter-bash",
        "rev": "0c46d792d54c536be5ff7eb18eb95c70fccdb232",
        "type": "github"
      },
      "original": {
        "owner": "tree-sitter",
        "ref": "master",
        "repo": "tree-sitter-bash",
        "type": "github"
      }
    },
    "tree-sitter-ini": {
      "flake": false,
      "locked": {
        "lastModified": 1725233451,
        "narHash": "sha256-G11Aynq2rnkRwdkhspjYqtBD/h5k4aD+NvuE0QfploU=",
        "owner": "justinmk",
        "repo": "tree-sitter-ini",
        "rev": "962568c9efa71d25720ab42c5d36e222626ef3a6",
        "type": "github"
      },
      "original": {
        "owner": "justinmk",
        "repo": "tree-sitter-ini",
        "type": "github"
      }
    },
    "tree-sitter-lua": {
      "flake": false,
      "locked": {
        "lastModified": 1738303275,
        "narHash": "sha256-mE84uI5AKbLvX5CM7NvA59Z8Ux+QFdqVjZf4hi06NAM=",
        "owner": "MunifTanjim",
        "repo": "tree-sitter-lua",
        "rev": "68d29aa745b68ae22cbbdb5dcb68c20232521ff6",
        "type": "github"
      },
      "original": {
        "owner": "MunifTanjim",
        "ref": "main",
        "repo": "tree-sitter-lua",
        "type": "github"
      }
    },
    "tree-sitter-puppet": {
      "flake": false,
      "locked": {
        "lastModified": 1734835631,
        "narHash": "sha256-bO5g5AdhzpB13yHklpAndUHIX7Rvd7OMjH0Ds2ATA6Q=",
        "owner": "amaanq",
        "repo": "tree-sitter-puppet",
        "rev": "15f192929b7d317f5914de2b4accd37b349182a6",
        "type": "github"
      },
      "original": {
        "owner": "amaanq",
        "repo": "tree-sitter-puppet",
        "type": "github"
      }
    },
    "tree-sitter-python": {
      "flake": false,
      "locked": {
        "lastModified": 1738275152,
        "narHash": "sha256-t9etfZcrliF7f9hfiomh2U9P+3ufAm8iSK1y9rOhP7s=",
        "owner": "tree-sitter",
        "repo": "tree-sitter-python",
        "rev": "710796b8b877a970297106e5bbc8e2afa47f86ec",
        "type": "github"
      },
      "original": {
        "owner": "tree-sitter",
        "ref": "master",
        "repo": "tree-sitter-python",
        "type": "github"
      }
    },
    "tree-sitter-rasi": {
      "flake": false,
      "locked": {
        "lastModified": 1716296585,
        "narHash": "sha256-sPrIVgGGaBaXeqHNxjcdJ/S2FvxyV6rD9UPKU/tpspw=",
        "owner": "Fymyte",
        "repo": "tree-sitter-rasi",
        "rev": "6c9bbcfdf5f0f553d9ebc01750a3aa247a37b8aa",
        "type": "github"
      },
      "original": {
        "owner": "Fymyte",
        "repo": "tree-sitter-rasi",
        "type": "github"
      }
    },
    "tree-sitter-vimdoc": {
      "flake": false,
      "locked": {
        "lastModified": 1729686839,
        "narHash": "sha256-Vrl4/cZL+TWlUMEeWZoHCAWhvlefcl3ajGcwyTNKOhI=",
        "owner": "neovim",
        "repo": "tree-sitter-vimdoc",
        "rev": "d2e4b5c172a109966c2ce0378f73df6cede39400",
        "type": "github"
      },
      "original": {
        "owner": "neovim",
        "repo": "tree-sitter-vimdoc",
        "type": "github"
      }
    },
    "wallpapers": {
      "flake": false,
      "locked": {
        "lastModified": 1657544922,
        "narHash": "sha256-1c1uDz37MhksWC75myv6jao5q2mIzD8X8I+TykXXmWg=",
        "owner": "exorcist365",
        "repo": "wallpapers",
        "rev": "8d2860ac6c05cec0f78d5c9d07510f4ff5da90dc",
        "type": "gitlab"
      },
      "original": {
        "owner": "exorcist365",
        "repo": "wallpapers",
        "type": "gitlab"
      }
    }
  },
  "root": "root",
  "version": 7
}
