{
  "nodes": {
    "darwin": {
      "inputs": {
        "nixpkgs": [
          "nixpkgs"
        ]
      },
      "locked": {
        "lastModified": 1749194393,
        "narHash": "sha256-vt6hM9DNywnXXuW1qPDLzECmbDcmxhh58wpb0EEQjAo=",
        "owner": "lnl7",
        "repo": "nix-darwin",
        "rev": "19346808c445f23b08652971be198b9df6c33edc",
        "type": "github"
      },
      "original": {
        "owner": "lnl7",
        "ref": "master",
        "repo": "nix-darwin",
        "type": "github"
      }
    },
    "flake-utils": {
      "inputs": {
        "systems": "systems"
      },
      "locked": {
        "lastModified": 1705309234,
        "narHash": "sha256-uNRRNRKmJyCRC/8y1RqBkqWBLM034y4qN7EprSdmgyA=",
        "owner": "numtide",
        "repo": "flake-utils",
        "rev": "1ef2e671c3b0c19053962c07dbda38332dcebf26",
        "type": "github"
      },
      "original": {
        "owner": "numtide",
        "repo": "flake-utils",
        "type": "github"
      }
    },
    "home-manager": {
      "inputs": {
        "nixpkgs": [
          "nixpkgs"
        ]
      },
      "locked": {
        "lastModified": 1749221014,
        "narHash": "sha256-mqrpuP/lfyDmta5hJWTwWgdF5lwdiubcGs7oRvcTZ2s=",
        "owner": "nix-community",
        "repo": "home-manager",
        "rev": "96482a538e6103579d254b139759d0536177370b",
        "type": "github"
      },
      "original": {
        "owner": "nix-community",
        "ref": "master",
        "repo": "home-manager",
        "type": "github"
      }
    },
    "nix2vim": {
      "inputs": {
        "flake-utils": "flake-utils",
        "nixpkgs": [
          "nixpkgs"
        ]
      },
      "locked": {
        "lastModified": 1745846717,
        "narHash": "sha256-GjwZEjCrI1/tQYylAQ+hU5JYD2hJI+rZmfICCIniWuE=",
        "owner": "gytis-ivaskevicius",
        "repo": "nix2vim",
        "rev": "0cd899a39b56d665115f72ffc7c37e0f4cf41dbe",
        "type": "github"
      },
      "original": {
        "owner": "gytis-ivaskevicius",
        "repo": "nix2vim",
        "type": "github"
      }
    },
    "nixlib": {
      "locked": {
        "lastModified": 1736643958,
        "narHash": "sha256-tmpqTSWVRJVhpvfSN9KXBvKEXplrwKnSZNAoNPf/S/s=",
        "owner": "nix-community",
        "repo": "nixpkgs.lib",
        "rev": "1418bc28a52126761c02dd3d89b2d8ca0f521181",
        "type": "github"
      },
      "original": {
        "owner": "nix-community",
        "repo": "nixpkgs.lib",
        "type": "github"
      }
    },
    "nixos-generators": {
      "inputs": {
        "nixlib": "nixlib",
        "nixpkgs": [
          "nixpkgs"
        ]
      },
      "locked": {
        "lastModified": 1747663185,
        "narHash": "sha256-Obh50J+O9jhUM/FgXtI3he/QRNiV9+J53+l+RlKSaAk=",
        "owner": "nix-community",
        "repo": "nixos-generators",
        "rev": "ee07ba0d36c38e9915c55d2ac5a8fb0f05f2afcc",
        "type": "github"
      },
      "original": {
        "owner": "nix-community",
        "repo": "nixos-generators",
        "type": "github"
      }
    },
    "nixpkgs": {
      "locked": {
        "lastModified": 1748929857,
        "narHash": "sha256-lcZQ8RhsmhsK8u7LIFsJhsLh/pzR9yZ8yqpTzyGdj+Q=",
        "owner": "nixos",
        "repo": "nixpkgs",
        "rev": "c2a03962b8e24e669fb37b7df10e7c79531ff1a4",
        "type": "github"
      },
      "original": {
        "owner": "nixos",
        "ref": "nixos-unstable",
        "repo": "nixpkgs",
        "type": "github"
      }
    },
    "private_dotfiles": {
      "flake": false,
      "locked": {
        "lastModified": 1749244825,
        "narHash": "sha256-3HPiI13kOTdzXvNk3ULl6ELaIDg6xPC2EtzLOjSiw4Y=",
        "ref": "refs/heads/main",
        "rev": "7146e3f224d864015982474e1960ff232e5f7b8e",
        "revCount": 50,
        "type": "git",
        "url": "ssh://git@github.com/eblume/private_dotfiles"
      },
      "original": {
        "type": "git",
        "url": "ssh://git@github.com/eblume/private_dotfiles"
      }
    },
    "root": {
      "inputs": {
        "darwin": "darwin",
        "home-manager": "home-manager",
        "nix2vim": "nix2vim",
        "nixos-generators": "nixos-generators",
        "nixpkgs": "nixpkgs",
        "private_dotfiles": "private_dotfiles",
        "wallpapers": "wallpapers"
      }
    },
    "systems": {
      "locked": {
        "lastModified": 1681028828,
        "narHash": "sha256-Vy1rq5AaRuLzOxct8nz4T6wlgyUR7zLU309k9mBC768=",
        "owner": "nix-systems",
        "repo": "default",
        "rev": "da67096a3b9bf56a91d16901293e51ba5b49a27e",
        "type": "github"
      },
      "original": {
        "owner": "nix-systems",
        "repo": "default",
        "type": "github"
      }
    },
    "wallpapers": {
      "flake": false,
      "locked": {
        "lastModified": 1657544922,
        "narHash": "sha256-1c1uDz37MhksWC75myv6jao5q2mIzD8X8I+TykXXmWg=",
        "owner": "exorcist365",
        "repo": "wallpapers",
        "rev": "8d2860ac6c05cec0f78d5c9d07510f4ff5da90dc",
        "type": "gitlab"
      },
      "original": {
        "owner": "exorcist365",
        "repo": "wallpapers",
        "type": "gitlab"
      }
    }
  },
  "root": "root",
  "version": 7
}
